// !$*UTF8*$!
{
	archiveVersion = 1;
	classes = {
	};
	objectVersion = 56;
	objects = {

/* Begin PBXBuildFile section */
		73188E7D291511C100EDCBBC /* TabView.swift in Sources */ = {isa = PBXBuildFile; fileRef = 73188E7C291511C100EDCBBC /* TabView.swift */; };
		73188E802915120200EDCBBC /* TabViewModel.swift in Sources */ = {isa = PBXBuildFile; fileRef = 73188E7F2915120200EDCBBC /* TabViewModel.swift */; };
		737A20352911AC2F00C0742D /* LetSwiftSnapshotTests.swift in Sources */ = {isa = PBXBuildFile; fileRef = 737A20342911AC2F00C0742D /* LetSwiftSnapshotTests.swift */; };
		737A207D2911B3AD00C0742D /* Networking.framework in Frameworks */ = {isa = PBXBuildFile; fileRef = 737A207C2911B3AD00C0742D /* Networking.framework */; };
		737A207E2911B3AD00C0742D /* Networking.framework in Embed Frameworks */ = {isa = PBXBuildFile; fileRef = 737A207C2911B3AD00C0742D /* Networking.framework */; settings = {ATTRIBUTES = (CodeSignOnCopy, RemoveHeadersOnCopy, ); }; };
		737A20892911BAED00C0742D /* Resolver in Frameworks */ = {isa = PBXBuildFile; productRef = 737A20882911BAED00C0742D /* Resolver */; };
		737A20952911C1D600C0742D /* Testing.framework in Frameworks */ = {isa = PBXBuildFile; fileRef = 737A20942911C1D600C0742D /* Testing.framework */; };
		737A209B2911C20200C0742D /* Testing.framework in Frameworks */ = {isa = PBXBuildFile; fileRef = 737A209A2911C20200C0742D /* Testing.framework */; };
		737A209D2911C24100C0742D /* UITesting.framework in Frameworks */ = {isa = PBXBuildFile; fileRef = 737A209C2911C24100C0742D /* UITesting.framework */; settings = {ATTRIBUTES = (Required, ); }; };
		737A20A22911C5D100C0742D /* DriverStandingsView.swift in Sources */ = {isa = PBXBuildFile; fileRef = 737A20A12911C5D100C0742D /* DriverStandingsView.swift */; };
		737A20A42911C5E500C0742D /* DriverStandingsViewModel.swift in Sources */ = {isa = PBXBuildFile; fileRef = 737A20A32911C5E400C0742D /* DriverStandingsViewModel.swift */; };
		737A20A72911C6BE00C0742D /* Resolver.swift in Sources */ = {isa = PBXBuildFile; fileRef = 737A20A62911C6BE00C0742D /* Resolver.swift */; };
		73BB7353291524A00030CBA7 /* PrimaryButton.swift in Sources */ = {isa = PBXBuildFile; fileRef = 73BB7352291524A00030CBA7 /* PrimaryButton.swift */; };
		73BB7355291525990030CBA7 /* TryAgainView.swift in Sources */ = {isa = PBXBuildFile; fileRef = 73BB7354291525990030CBA7 /* TryAgainView.swift */; };
		73BB7357291526880030CBA7 /* BookCell.swift in Sources */ = {isa = PBXBuildFile; fileRef = 73BB7356291526880030CBA7 /* BookCell.swift */; };
		73BB7359291526A10030CBA7 /* TableSeparatorView.swift in Sources */ = {isa = PBXBuildFile; fileRef = 73BB7358291526A10030CBA7 /* TableSeparatorView.swift */; };
		73BB735D2915401B0030CBA7 /* EargastAPIService.swift in Sources */ = {isa = PBXBuildFile; fileRef = 73BB735C2915401B0030CBA7 /* EargastAPIService.swift */; };
		73BB7360291540320030CBA7 /* EargastBuilder.swift in Sources */ = {isa = PBXBuildFile; fileRef = 73BB735F291540320030CBA7 /* EargastBuilder.swift */; };
		73BB73632915407E0030CBA7 /* CurrentSeasonRequest.swift in Sources */ = {isa = PBXBuildFile; fileRef = 73BB73622915407E0030CBA7 /* CurrentSeasonRequest.swift */; };
		73BB736529155E840030CBA7 /* BackgroundView.swift in Sources */ = {isa = PBXBuildFile; fileRef = 73BB736429155E840030CBA7 /* BackgroundView.swift */; };
		73BB7367291560D70030CBA7 /* DriverRow.swift in Sources */ = {isa = PBXBuildFile; fileRef = 73BB7366291560D70030CBA7 /* DriverRow.swift */; };
		73BB736B291565760030CBA7 /* DriverStandings.swift in Sources */ = {isa = PBXBuildFile; fileRef = 73BB736A291565760030CBA7 /* DriverStandings.swift */; };
		73BB736E291565D60030CBA7 /* ScheduleView.swift in Sources */ = {isa = PBXBuildFile; fileRef = 73BB736D291565D60030CBA7 /* ScheduleView.swift */; };
		73BB7370291565DE0030CBA7 /* ScheduleViewModel.swift in Sources */ = {isa = PBXBuildFile; fileRef = 73BB736F291565DE0030CBA7 /* ScheduleViewModel.swift */; };
		73E6DAA6291158720074C878 /* LetSwiftApp.swift in Sources */ = {isa = PBXBuildFile; fileRef = 73E6DAA5291158720074C878 /* LetSwiftApp.swift */; };
		73E6DAA8291158720074C878 /* ContentView.swift in Sources */ = {isa = PBXBuildFile; fileRef = 73E6DAA7291158720074C878 /* ContentView.swift */; };
		73E6DAAA291158730074C878 /* Assets.xcassets in Resources */ = {isa = PBXBuildFile; fileRef = 73E6DAA9291158730074C878 /* Assets.xcassets */; };
		73E6DAB8291158730074C878 /* LetSwiftTests.swift in Sources */ = {isa = PBXBuildFile; fileRef = 73E6DAB7291158730074C878 /* LetSwiftTests.swift */; };
		73E6DAC2291158730074C878 /* LetSwiftUITests.swift in Sources */ = {isa = PBXBuildFile; fileRef = 73E6DAC1291158730074C878 /* LetSwiftUITests.swift */; };
		73E6DAC4291158730074C878 /* LetSwiftUITestsLaunchTests.swift in Sources */ = {isa = PBXBuildFile; fileRef = 73E6DAC3291158730074C878 /* LetSwiftUITestsLaunchTests.swift */; };
		73E6DB0229115ABA0074C878 /* Core.framework in Frameworks */ = {isa = PBXBuildFile; fileRef = 73E6DB0129115ABA0074C878 /* Core.framework */; };
		73E6DB0329115ABA0074C878 /* Core.framework in Embed Frameworks */ = {isa = PBXBuildFile; fileRef = 73E6DB0129115ABA0074C878 /* Core.framework */; settings = {ATTRIBUTES = (CodeSignOnCopy, RemoveHeadersOnCopy, ); }; };
/* End PBXBuildFile section */

/* Begin PBXContainerItemProxy section */
		737A20362911AC2F00C0742D /* PBXContainerItemProxy */ = {
			isa = PBXContainerItemProxy;
			containerPortal = 73E6DA9A291158720074C878 /* Project object */;
			proxyType = 1;
			remoteGlobalIDString = 73E6DAA1291158720074C878;
			remoteInfo = LetSwift;
		};
		73E6DAB4291158730074C878 /* PBXContainerItemProxy */ = {
			isa = PBXContainerItemProxy;
			containerPortal = 73E6DA9A291158720074C878 /* Project object */;
			proxyType = 1;
			remoteGlobalIDString = 73E6DAA1291158720074C878;
			remoteInfo = LetSwift;
		};
		73E6DABE291158730074C878 /* PBXContainerItemProxy */ = {
			isa = PBXContainerItemProxy;
			containerPortal = 73E6DA9A291158720074C878 /* Project object */;
			proxyType = 1;
			remoteGlobalIDString = 73E6DAA1291158720074C878;
			remoteInfo = LetSwift;
		};
/* End PBXContainerItemProxy section */

/* Begin PBXCopyFilesBuildPhase section */
		73E6DB0429115ABA0074C878 /* Embed Frameworks */ = {
			isa = PBXCopyFilesBuildPhase;
			buildActionMask = 2147483647;
			dstPath = "";
			dstSubfolderSpec = 10;
			files = (
				737A207E2911B3AD00C0742D /* Networking.framework in Embed Frameworks */,
				73E6DB0329115ABA0074C878 /* Core.framework in Embed Frameworks */,
			);
			name = "Embed Frameworks";
			runOnlyForDeploymentPostprocessing = 0;
		};
/* End PBXCopyFilesBuildPhase section */

/* Begin PBXFileReference section */
		73188E7C291511C100EDCBBC /* TabView.swift */ = {isa = PBXFileReference; lastKnownFileType = sourcecode.swift; path = TabView.swift; sourceTree = "<group>"; };
		73188E7F2915120200EDCBBC /* TabViewModel.swift */ = {isa = PBXFileReference; lastKnownFileType = sourcecode.swift; path = TabViewModel.swift; sourceTree = "<group>"; };
		737A20322911AC2E00C0742D /* LetSwiftSnapshotTests.xctest */ = {isa = PBXFileReference; explicitFileType = wrapper.cfbundle; includeInIndex = 0; path = LetSwiftSnapshotTests.xctest; sourceTree = BUILT_PRODUCTS_DIR; };
		737A20342911AC2F00C0742D /* LetSwiftSnapshotTests.swift */ = {isa = PBXFileReference; lastKnownFileType = sourcecode.swift; path = LetSwiftSnapshotTests.swift; sourceTree = "<group>"; };
		737A207C2911B3AD00C0742D /* Networking.framework */ = {isa = PBXFileReference; explicitFileType = wrapper.framework; path = Networking.framework; sourceTree = BUILT_PRODUCTS_DIR; };
		737A20942911C1D600C0742D /* Testing.framework */ = {isa = PBXFileReference; explicitFileType = wrapper.framework; path = Testing.framework; sourceTree = BUILT_PRODUCTS_DIR; };
		737A209A2911C20200C0742D /* Testing.framework */ = {isa = PBXFileReference; explicitFileType = wrapper.framework; path = Testing.framework; sourceTree = BUILT_PRODUCTS_DIR; };
		737A209C2911C24100C0742D /* UITesting.framework */ = {isa = PBXFileReference; explicitFileType = wrapper.framework; path = UITesting.framework; sourceTree = BUILT_PRODUCTS_DIR; };
		737A20A12911C5D100C0742D /* DriverStandingsView.swift */ = {isa = PBXFileReference; lastKnownFileType = sourcecode.swift; path = DriverStandingsView.swift; sourceTree = "<group>"; };
		737A20A32911C5E400C0742D /* DriverStandingsViewModel.swift */ = {isa = PBXFileReference; lastKnownFileType = sourcecode.swift; path = DriverStandingsViewModel.swift; sourceTree = "<group>"; };
		737A20A62911C6BE00C0742D /* Resolver.swift */ = {isa = PBXFileReference; lastKnownFileType = sourcecode.swift; path = Resolver.swift; sourceTree = "<group>"; };
		73BB7352291524A00030CBA7 /* PrimaryButton.swift */ = {isa = PBXFileReference; lastKnownFileType = sourcecode.swift; path = PrimaryButton.swift; sourceTree = "<group>"; };
		73BB7354291525990030CBA7 /* TryAgainView.swift */ = {isa = PBXFileReference; lastKnownFileType = sourcecode.swift; path = TryAgainView.swift; sourceTree = "<group>"; };
		73BB7356291526880030CBA7 /* BookCell.swift */ = {isa = PBXFileReference; lastKnownFileType = sourcecode.swift; path = BookCell.swift; sourceTree = "<group>"; };
		73BB7358291526A10030CBA7 /* TableSeparatorView.swift */ = {isa = PBXFileReference; lastKnownFileType = sourcecode.swift; path = TableSeparatorView.swift; sourceTree = "<group>"; };
		73BB735C2915401B0030CBA7 /* EargastAPIService.swift */ = {isa = PBXFileReference; lastKnownFileType = sourcecode.swift; path = EargastAPIService.swift; sourceTree = "<group>"; };
		73BB735F291540320030CBA7 /* EargastBuilder.swift */ = {isa = PBXFileReference; lastKnownFileType = sourcecode.swift; path = EargastBuilder.swift; sourceTree = "<group>"; };
		73BB73622915407E0030CBA7 /* CurrentSeasonRequest.swift */ = {isa = PBXFileReference; lastKnownFileType = sourcecode.swift; path = CurrentSeasonRequest.swift; sourceTree = "<group>"; };
		73BB736429155E840030CBA7 /* BackgroundView.swift */ = {isa = PBXFileReference; lastKnownFileType = sourcecode.swift; path = BackgroundView.swift; sourceTree = "<group>"; };
		73BB7366291560D70030CBA7 /* DriverRow.swift */ = {isa = PBXFileReference; lastKnownFileType = sourcecode.swift; path = DriverRow.swift; sourceTree = "<group>"; };
		73BB736A291565760030CBA7 /* DriverStandings.swift */ = {isa = PBXFileReference; lastKnownFileType = sourcecode.swift; path = DriverStandings.swift; sourceTree = "<group>"; };
		73BB736D291565D60030CBA7 /* ScheduleView.swift */ = {isa = PBXFileReference; lastKnownFileType = sourcecode.swift; path = ScheduleView.swift; sourceTree = "<group>"; };
		73BB736F291565DE0030CBA7 /* ScheduleViewModel.swift */ = {isa = PBXFileReference; lastKnownFileType = sourcecode.swift; path = ScheduleViewModel.swift; sourceTree = "<group>"; };
		73E6DAA2291158720074C878 /* LetSwift.app */ = {isa = PBXFileReference; explicitFileType = wrapper.application; includeInIndex = 0; path = LetSwift.app; sourceTree = BUILT_PRODUCTS_DIR; };
		73E6DAA5291158720074C878 /* LetSwiftApp.swift */ = {isa = PBXFileReference; lastKnownFileType = sourcecode.swift; path = LetSwiftApp.swift; sourceTree = "<group>"; };
		73E6DAA7291158720074C878 /* ContentView.swift */ = {isa = PBXFileReference; lastKnownFileType = sourcecode.swift; path = ContentView.swift; sourceTree = "<group>"; };
		73E6DAA9291158730074C878 /* Assets.xcassets */ = {isa = PBXFileReference; lastKnownFileType = folder.assetcatalog; path = Assets.xcassets; sourceTree = "<group>"; };
		73E6DAAB291158730074C878 /* LetSwift.entitlements */ = {isa = PBXFileReference; lastKnownFileType = text.plist.entitlements; path = LetSwift.entitlements; sourceTree = "<group>"; };
		73E6DAB3291158730074C878 /* LetSwiftTests.xctest */ = {isa = PBXFileReference; explicitFileType = wrapper.cfbundle; includeInIndex = 0; path = LetSwiftTests.xctest; sourceTree = BUILT_PRODUCTS_DIR; };
		73E6DAB7291158730074C878 /* LetSwiftTests.swift */ = {isa = PBXFileReference; lastKnownFileType = sourcecode.swift; path = LetSwiftTests.swift; sourceTree = "<group>"; };
		73E6DABD291158730074C878 /* LetSwiftUITests.xctest */ = {isa = PBXFileReference; explicitFileType = wrapper.cfbundle; includeInIndex = 0; path = LetSwiftUITests.xctest; sourceTree = BUILT_PRODUCTS_DIR; };
		73E6DAC1291158730074C878 /* LetSwiftUITests.swift */ = {isa = PBXFileReference; lastKnownFileType = sourcecode.swift; path = LetSwiftUITests.swift; sourceTree = "<group>"; };
		73E6DAC3291158730074C878 /* LetSwiftUITestsLaunchTests.swift */ = {isa = PBXFileReference; lastKnownFileType = sourcecode.swift; path = LetSwiftUITestsLaunchTests.swift; sourceTree = "<group>"; };
		73E6DB0129115ABA0074C878 /* Core.framework */ = {isa = PBXFileReference; explicitFileType = wrapper.framework; path = Core.framework; sourceTree = BUILT_PRODUCTS_DIR; };
		73E6DBA9291167C60074C878 /* Testing.framework */ = {isa = PBXFileReference; explicitFileType = wrapper.framework; path = Testing.framework; sourceTree = BUILT_PRODUCTS_DIR; };
/* End PBXFileReference section */

/* Begin PBXFrameworksBuildPhase section */
		737A202F2911AC2E00C0742D /* Frameworks */ = {
			isa = PBXFrameworksBuildPhase;
			buildActionMask = 2147483647;
			files = (
				737A209B2911C20200C0742D /* Testing.framework in Frameworks */,
			);
			runOnlyForDeploymentPostprocessing = 0;
		};
		73E6DA9F291158720074C878 /* Frameworks */ = {
			isa = PBXFrameworksBuildPhase;
			buildActionMask = 2147483647;
			files = (
				737A20892911BAED00C0742D /* Resolver in Frameworks */,
				73E6DB0229115ABA0074C878 /* Core.framework in Frameworks */,
				737A207D2911B3AD00C0742D /* Networking.framework in Frameworks */,
			);
			runOnlyForDeploymentPostprocessing = 0;
		};
		73E6DAB0291158730074C878 /* Frameworks */ = {
			isa = PBXFrameworksBuildPhase;
			buildActionMask = 2147483647;
			files = (
				737A20952911C1D600C0742D /* Testing.framework in Frameworks */,
			);
			runOnlyForDeploymentPostprocessing = 0;
		};
		73E6DABA291158730074C878 /* Frameworks */ = {
			isa = PBXFrameworksBuildPhase;
			buildActionMask = 2147483647;
			files = (
				737A209D2911C24100C0742D /* UITesting.framework in Frameworks */,
			);
			runOnlyForDeploymentPostprocessing = 0;
		};
/* End PBXFrameworksBuildPhase section */

/* Begin PBXGroup section */
		73188E7E291511F400EDCBBC /* TabBar */ = {
			isa = PBXGroup;
			children = (
				73188E7C291511C100EDCBBC /* TabView.swift */,
				73188E7F2915120200EDCBBC /* TabViewModel.swift */,
			);
			path = TabBar;
			sourceTree = "<group>";
		};
		737A20332911AC2F00C0742D /* LetSwiftSnapshotTests */ = {
			isa = PBXGroup;
			children = (
				737A20342911AC2F00C0742D /* LetSwiftSnapshotTests.swift */,
			);
			path = LetSwiftSnapshotTests;
			sourceTree = "<group>";
		};
		737A20772911B33800C0742D /* Networking */ = {
			isa = PBXGroup;
			children = (
				73BB735A29153FB90030CBA7 /* F1 */,
			);
			path = Networking;
			sourceTree = "<group>";
		};
		737A208A2911BC5300C0742D /* Sources */ = {
			isa = PBXGroup;
			children = (
				73BB7368291565640030CBA7 /* Data */,
				737A20A52911C6B300C0742D /* DependencyInjection */,
				737A209E2911C5AC00C0742D /* Interface */,
				73E6DAA5291158720074C878 /* LetSwiftApp.swift */,
			);
			path = Sources;
			sourceTree = "<group>";
		};
		737A208B2911BC6900C0742D /* Resources */ = {
			isa = PBXGroup;
			children = (
				73E6DAA9291158730074C878 /* Assets.xcassets */,
				73E6DAAB291158730074C878 /* LetSwift.entitlements */,
			);
			path = Resources;
			sourceTree = "<group>";
		};
		737A209E2911C5AC00C0742D /* Interface */ = {
			isa = PBXGroup;
			children = (
				73BB73512915248C0030CBA7 /* Components */,
				737A209F2911C5B700C0742D /* Screens */,
				73188E7E291511F400EDCBBC /* TabBar */,
			);
			path = Interface;
			sourceTree = "<group>";
		};
		737A209F2911C5B700C0742D /* Screens */ = {
			isa = PBXGroup;
			children = (
				73BB736C291565C90030CBA7 /* Schedule */,
				737A20A02911C5BD00C0742D /* DriverStandings */,
			);
			path = Screens;
			sourceTree = "<group>";
		};
		737A20A02911C5BD00C0742D /* DriverStandings */ = {
			isa = PBXGroup;
			children = (
				737A20A12911C5D100C0742D /* DriverStandingsView.swift */,
				737A20A32911C5E400C0742D /* DriverStandingsViewModel.swift */,
				73BB7366291560D70030CBA7 /* DriverRow.swift */,
			);
			path = DriverStandings;
			sourceTree = "<group>";
		};
		737A20A52911C6B300C0742D /* DependencyInjection */ = {
			isa = PBXGroup;
			children = (
				737A20A62911C6BE00C0742D /* Resolver.swift */,
			);
			path = DependencyInjection;
			sourceTree = "<group>";
		};
		73BB73512915248C0030CBA7 /* Components */ = {
			isa = PBXGroup;
			children = (
				73BB7356291526880030CBA7 /* BookCell.swift */,
				73BB7352291524A00030CBA7 /* PrimaryButton.swift */,
				73BB7358291526A10030CBA7 /* TableSeparatorView.swift */,
				73BB7354291525990030CBA7 /* TryAgainView.swift */,
				73BB736429155E840030CBA7 /* BackgroundView.swift */,
			);
			path = Components;
			sourceTree = "<group>";
		};
		73BB735A29153FB90030CBA7 /* F1 */ = {
			isa = PBXGroup;
			children = (
				73BB7361291540700030CBA7 /* Requests */,
				73BB735E291540210030CBA7 /* Builders */,
				73BB735B2915400E0030CBA7 /* Services */,
			);
			path = F1;
			sourceTree = "<group>";
		};
		73BB735B2915400E0030CBA7 /* Services */ = {
			isa = PBXGroup;
			children = (
				73BB735C2915401B0030CBA7 /* EargastAPIService.swift */,
			);
			path = Services;
			sourceTree = "<group>";
		};
		73BB735E291540210030CBA7 /* Builders */ = {
			isa = PBXGroup;
			children = (
				73BB735F291540320030CBA7 /* EargastBuilder.swift */,
			);
			path = Builders;
			sourceTree = "<group>";
		};
		73BB7361291540700030CBA7 /* Requests */ = {
			isa = PBXGroup;
			children = (
				73BB73622915407E0030CBA7 /* CurrentSeasonRequest.swift */,
			);
			path = Requests;
			sourceTree = "<group>";
		};
		73BB7368291565640030CBA7 /* Data */ = {
			isa = PBXGroup;
			children = (
				73BB7369291565680030CBA7 /* Models */,
			);
			path = Data;
			sourceTree = "<group>";
		};
		73BB7369291565680030CBA7 /* Models */ = {
			isa = PBXGroup;
			children = (
				73BB736A291565760030CBA7 /* DriverStandings.swift */,
			);
			path = Models;
			sourceTree = "<group>";
		};
		73BB736C291565C90030CBA7 /* Schedule */ = {
			isa = PBXGroup;
			children = (
				73BB736D291565D60030CBA7 /* ScheduleView.swift */,
				73BB736F291565DE0030CBA7 /* ScheduleViewModel.swift */,
			);
			path = Schedule;
			sourceTree = "<group>";
		};
		73E6DA99291158720074C878 = {
			isa = PBXGroup;
			children = (
				73E6DAA4291158720074C878 /* LetSwift */,
				73E6DAB6291158730074C878 /* LetSwiftTests */,
				73E6DAC0291158730074C878 /* LetSwiftUITests */,
				737A20332911AC2F00C0742D /* LetSwiftSnapshotTests */,
				73E6DAA3291158720074C878 /* Products */,
				73E6DB0029115ABA0074C878 /* Frameworks */,
			);
			sourceTree = "<group>";
		};
		73E6DAA3291158720074C878 /* Products */ = {
			isa = PBXGroup;
			children = (
				73E6DAA2291158720074C878 /* LetSwift.app */,
				73E6DAB3291158730074C878 /* LetSwiftTests.xctest */,
				73E6DABD291158730074C878 /* LetSwiftUITests.xctest */,
				737A20322911AC2E00C0742D /* LetSwiftSnapshotTests.xctest */,
			);
			name = Products;
			sourceTree = "<group>";
		};
		73E6DAA4291158720074C878 /* LetSwift */ = {
			isa = PBXGroup;
			children = (
				737A208B2911BC6900C0742D /* Resources */,
				737A208A2911BC5300C0742D /* Sources */,
				737A20772911B33800C0742D /* Networking */,
				73E6DAA7291158720074C878 /* ContentView.swift */,
			);
			path = LetSwift;
			sourceTree = "<group>";
		};
		73E6DAB6291158730074C878 /* LetSwiftTests */ = {
			isa = PBXGroup;
			children = (
				73E6DAB7291158730074C878 /* LetSwiftTests.swift */,
			);
			path = LetSwiftTests;
			sourceTree = "<group>";
		};
		73E6DAC0291158730074C878 /* LetSwiftUITests */ = {
			isa = PBXGroup;
			children = (
				73E6DAC1291158730074C878 /* LetSwiftUITests.swift */,
				73E6DAC3291158730074C878 /* LetSwiftUITestsLaunchTests.swift */,
			);
			path = LetSwiftUITests;
			sourceTree = "<group>";
		};
		73E6DB0029115ABA0074C878 /* Frameworks */ = {
			isa = PBXGroup;
			children = (
				737A209C2911C24100C0742D /* UITesting.framework */,
				737A209A2911C20200C0742D /* Testing.framework */,
				737A20942911C1D600C0742D /* Testing.framework */,
				737A207C2911B3AD00C0742D /* Networking.framework */,
				73E6DBA9291167C60074C878 /* Testing.framework */,
				73E6DB0129115ABA0074C878 /* Core.framework */,
			);
			name = Frameworks;
			sourceTree = "<group>";
		};
/* End PBXGroup section */

/* Begin PBXNativeTarget section */
		737A20312911AC2E00C0742D /* LetSwiftSnapshotTests */ = {
			isa = PBXNativeTarget;
			buildConfigurationList = 737A20382911AC2F00C0742D /* Build configuration list for PBXNativeTarget "LetSwiftSnapshotTests" */;
			buildPhases = (
				737A202E2911AC2E00C0742D /* Sources */,
				737A202F2911AC2E00C0742D /* Frameworks */,
				737A20302911AC2E00C0742D /* Resources */,
			);
			buildRules = (
			);
			dependencies = (
				737A20372911AC2F00C0742D /* PBXTargetDependency */,
			);
			name = LetSwiftSnapshotTests;
			packageProductDependencies = (
			);
			productName = LetSwiftSnapshotTests;
			productReference = 737A20322911AC2E00C0742D /* LetSwiftSnapshotTests.xctest */;
			productType = "com.apple.product-type.bundle.unit-test";
		};
		73E6DAA1291158720074C878 /* LetSwift */ = {
			isa = PBXNativeTarget;
			buildConfigurationList = 73E6DAC7291158730074C878 /* Build configuration list for PBXNativeTarget "LetSwift" */;
			buildPhases = (
				73E6DA9E291158720074C878 /* Sources */,
				73E6DA9F291158720074C878 /* Frameworks */,
				73E6DAA0291158720074C878 /* Resources */,
				73E6DB0429115ABA0074C878 /* Embed Frameworks */,
			);
			buildRules = (
			);
			dependencies = (
			);
			name = LetSwift;
			packageProductDependencies = (
				737A20882911BAED00C0742D /* Resolver */,
			);
			productName = LetSwift;
			productReference = 73E6DAA2291158720074C878 /* LetSwift.app */;
			productType = "com.apple.product-type.application";
		};
		73E6DAB2291158730074C878 /* LetSwiftTests */ = {
			isa = PBXNativeTarget;
			buildConfigurationList = 73E6DACA291158730074C878 /* Build configuration list for PBXNativeTarget "LetSwiftTests" */;
			buildPhases = (
				73E6DAAF291158730074C878 /* Sources */,
				73E6DAB0291158730074C878 /* Frameworks */,
				73E6DAB1291158730074C878 /* Resources */,
			);
			buildRules = (
			);
			dependencies = (
				73E6DAB5291158730074C878 /* PBXTargetDependency */,
			);
			name = LetSwiftTests;
			packageProductDependencies = (
			);
			productName = LetSwiftTests;
			productReference = 73E6DAB3291158730074C878 /* LetSwiftTests.xctest */;
			productType = "com.apple.product-type.bundle.unit-test";
		};
		73E6DABC291158730074C878 /* LetSwiftUITests */ = {
			isa = PBXNativeTarget;
			buildConfigurationList = 73E6DACD291158730074C878 /* Build configuration list for PBXNativeTarget "LetSwiftUITests" */;
			buildPhases = (
				73E6DAB9291158730074C878 /* Sources */,
				73E6DABA291158730074C878 /* Frameworks */,
				73E6DABB291158730074C878 /* Resources */,
			);
			buildRules = (
			);
			dependencies = (
				73E6DABF291158730074C878 /* PBXTargetDependency */,
			);
			name = LetSwiftUITests;
			productName = LetSwiftUITests;
			productReference = 73E6DABD291158730074C878 /* LetSwiftUITests.xctest */;
			productType = "com.apple.product-type.bundle.ui-testing";
		};
/* End PBXNativeTarget section */

/* Begin PBXProject section */
		73E6DA9A291158720074C878 /* Project object */ = {
			isa = PBXProject;
			attributes = {
				BuildIndependentTargetsInParallel = 1;
				LastSwiftUpdateCheck = 1400;
				LastUpgradeCheck = 1400;
				TargetAttributes = {
					737A20312911AC2E00C0742D = {
						CreatedOnToolsVersion = 14.0;
						TestTargetID = 73E6DAA1291158720074C878;
					};
					73E6DAA1291158720074C878 = {
						CreatedOnToolsVersion = 14.0;
					};
					73E6DAB2291158730074C878 = {
						CreatedOnToolsVersion = 14.0;
						TestTargetID = 73E6DAA1291158720074C878;
					};
					73E6DABC291158730074C878 = {
						CreatedOnToolsVersion = 14.0;
						TestTargetID = 73E6DAA1291158720074C878;
					};
				};
			};
			buildConfigurationList = 73E6DA9D291158720074C878 /* Build configuration list for PBXProject "LetSwift" */;
			compatibilityVersion = "Xcode 14.0";
			developmentRegion = en;
			hasScannedForEncodings = 0;
			knownRegions = (
				en,
				Base,
			);
			mainGroup = 73E6DA99291158720074C878;
			packageReferences = (
				737A20872911BAED00C0742D /* XCRemoteSwiftPackageReference "Resolver" */,
			);
			productRefGroup = 73E6DAA3291158720074C878 /* Products */;
			projectDirPath = "";
			projectRoot = "";
			targets = (
				73E6DAA1291158720074C878 /* LetSwift */,
				73E6DAB2291158730074C878 /* LetSwiftTests */,
				737A20312911AC2E00C0742D /* LetSwiftSnapshotTests */,
				73E6DABC291158730074C878 /* LetSwiftUITests */,
			);
		};
/* End PBXProject section */

/* Begin PBXResourcesBuildPhase section */
		737A20302911AC2E00C0742D /* Resources */ = {
			isa = PBXResourcesBuildPhase;
			buildActionMask = 2147483647;
			files = (
			);
			runOnlyForDeploymentPostprocessing = 0;
		};
		73E6DAA0291158720074C878 /* Resources */ = {
			isa = PBXResourcesBuildPhase;
			buildActionMask = 2147483647;
			files = (
				73E6DAAA291158730074C878 /* Assets.xcassets in Resources */,
			);
			runOnlyForDeploymentPostprocessing = 0;
		};
		73E6DAB1291158730074C878 /* Resources */ = {
			isa = PBXResourcesBuildPhase;
			buildActionMask = 2147483647;
			files = (
			);
			runOnlyForDeploymentPostprocessing = 0;
		};
		73E6DABB291158730074C878 /* Resources */ = {
			isa = PBXResourcesBuildPhase;
			buildActionMask = 2147483647;
			files = (
			);
			runOnlyForDeploymentPostprocessing = 0;
		};
/* End PBXResourcesBuildPhase section */

/* Begin PBXSourcesBuildPhase section */
		737A202E2911AC2E00C0742D /* Sources */ = {
			isa = PBXSourcesBuildPhase;
			buildActionMask = 2147483647;
			files = (
				737A20352911AC2F00C0742D /* LetSwiftSnapshotTests.swift in Sources */,
			);
			runOnlyForDeploymentPostprocessing = 0;
		};
		73E6DA9E291158720074C878 /* Sources */ = {
			isa = PBXSourcesBuildPhase;
			buildActionMask = 2147483647;
			files = (
				73BB736529155E840030CBA7 /* BackgroundView.swift in Sources */,
				73BB736B291565760030CBA7 /* DriverStandings.swift in Sources */,
				73188E7D291511C100EDCBBC /* TabView.swift in Sources */,
				737A20A42911C5E500C0742D /* DriverStandingsViewModel.swift in Sources */,
				73BB735D2915401B0030CBA7 /* EargastAPIService.swift in Sources */,
				73BB736E291565D60030CBA7 /* ScheduleView.swift in Sources */,
				737A20A72911C6BE00C0742D /* Resolver.swift in Sources */,
				73BB73632915407E0030CBA7 /* CurrentSeasonRequest.swift in Sources */,
				73E6DAA8291158720074C878 /* ContentView.swift in Sources */,
				73BB7359291526A10030CBA7 /* TableSeparatorView.swift in Sources */,
				73BB7370291565DE0030CBA7 /* ScheduleViewModel.swift in Sources */,
				73BB7353291524A00030CBA7 /* PrimaryButton.swift in Sources */,
				73BB7355291525990030CBA7 /* TryAgainView.swift in Sources */,
				73BB7360291540320030CBA7 /* EargastBuilder.swift in Sources */,
				73188E802915120200EDCBBC /* TabViewModel.swift in Sources */,
				73BB7357291526880030CBA7 /* BookCell.swift in Sources */,
				73E6DAA6291158720074C878 /* LetSwiftApp.swift in Sources */,
				73BB7367291560D70030CBA7 /* DriverRow.swift in Sources */,
				737A20A22911C5D100C0742D /* DriverStandingsView.swift in Sources */,
			);
			runOnlyForDeploymentPostprocessing = 0;
		};
		73E6DAAF291158730074C878 /* Sources */ = {
			isa = PBXSourcesBuildPhase;
			buildActionMask = 2147483647;
			files = (
				73E6DAB8291158730074C878 /* LetSwiftTests.swift in Sources */,
			);
			runOnlyForDeploymentPostprocessing = 0;
		};
		73E6DAB9291158730074C878 /* Sources */ = {
			isa = PBXSourcesBuildPhase;
			buildActionMask = 2147483647;
			files = (
				73E6DAC4291158730074C878 /* LetSwiftUITestsLaunchTests.swift in Sources */,
				73E6DAC2291158730074C878 /* LetSwiftUITests.swift in Sources */,
			);
			runOnlyForDeploymentPostprocessing = 0;
		};
/* End PBXSourcesBuildPhase section */

/* Begin PBXTargetDependency section */
		737A20372911AC2F00C0742D /* PBXTargetDependency */ = {
			isa = PBXTargetDependency;
			target = 73E6DAA1291158720074C878 /* LetSwift */;
			targetProxy = 737A20362911AC2F00C0742D /* PBXContainerItemProxy */;
		};
		73E6DAB5291158730074C878 /* PBXTargetDependency */ = {
			isa = PBXTargetDependency;
			target = 73E6DAA1291158720074C878 /* LetSwift */;
			targetProxy = 73E6DAB4291158730074C878 /* PBXContainerItemProxy */;
		};
		73E6DABF291158730074C878 /* PBXTargetDependency */ = {
			isa = PBXTargetDependency;
			target = 73E6DAA1291158720074C878 /* LetSwift */;
			targetProxy = 73E6DABE291158730074C878 /* PBXContainerItemProxy */;
		};
/* End PBXTargetDependency section */

/* Begin XCBuildConfiguration section */
		737A20392911AC2F00C0742D /* Debug */ = {
			isa = XCBuildConfiguration;
			buildSettings = {
				BUNDLE_LOADER = "$(TEST_HOST)";
				CODE_SIGN_STYLE = Automatic;
				CURRENT_PROJECT_VERSION = 1;
				DEVELOPMENT_TEAM = YG9DMDHAC7;
				GENERATE_INFOPLIST_FILE = YES;
				IPHONEOS_DEPLOYMENT_TARGET = 16.0;
				MARKETING_VERSION = 1.0;
				PRODUCT_BUNDLE_IDENTIFIER = com.smartapps.LetSwiftSnapshotTests;
				PRODUCT_NAME = "$(TARGET_NAME)";
				SDKROOT = iphoneos;
				SWIFT_EMIT_LOC_STRINGS = NO;
				SWIFT_VERSION = 5.0;
				TARGETED_DEVICE_FAMILY = "1,2";
				TEST_HOST = "$(BUILT_PRODUCTS_DIR)/LetSwift.app/$(BUNDLE_EXECUTABLE_FOLDER_PATH)/LetSwift";
			};
			name = Debug;
		};
		737A203A2911AC2F00C0742D /* Release */ = {
			isa = XCBuildConfiguration;
			buildSettings = {
				BUNDLE_LOADER = "$(TEST_HOST)";
				CODE_SIGN_STYLE = Automatic;
				CURRENT_PROJECT_VERSION = 1;
				DEVELOPMENT_TEAM = YG9DMDHAC7;
				GENERATE_INFOPLIST_FILE = YES;
				IPHONEOS_DEPLOYMENT_TARGET = 16.0;
				MARKETING_VERSION = 1.0;
				PRODUCT_BUNDLE_IDENTIFIER = com.smartapps.LetSwiftSnapshotTests;
				PRODUCT_NAME = "$(TARGET_NAME)";
				SDKROOT = iphoneos;
				SWIFT_EMIT_LOC_STRINGS = NO;
				SWIFT_VERSION = 5.0;
				TARGETED_DEVICE_FAMILY = "1,2";
				TEST_HOST = "$(BUILT_PRODUCTS_DIR)/LetSwift.app/$(BUNDLE_EXECUTABLE_FOLDER_PATH)/LetSwift";
				VALIDATE_PRODUCT = YES;
			};
			name = Release;
		};
		73E6DAC5291158730074C878 /* Debug */ = {
			isa = XCBuildConfiguration;
			buildSettings = {
				ALWAYS_SEARCH_USER_PATHS = NO;
				CLANG_ANALYZER_NONNULL = YES;
				CLANG_ANALYZER_NUMBER_OBJECT_CONVERSION = YES_AGGRESSIVE;
				CLANG_CXX_LANGUAGE_STANDARD = "gnu++20";
				CLANG_ENABLE_MODULES = YES;
				CLANG_ENABLE_OBJC_ARC = YES;
				CLANG_ENABLE_OBJC_WEAK = YES;
				CLANG_WARN_BLOCK_CAPTURE_AUTORELEASING = YES;
				CLANG_WARN_BOOL_CONVERSION = YES;
				CLANG_WARN_COMMA = YES;
				CLANG_WARN_CONSTANT_CONVERSION = YES;
				CLANG_WARN_DEPRECATED_OBJC_IMPLEMENTATIONS = YES;
				CLANG_WARN_DIRECT_OBJC_ISA_USAGE = YES_ERROR;
				CLANG_WARN_DOCUMENTATION_COMMENTS = YES;
				CLANG_WARN_EMPTY_BODY = YES;
				CLANG_WARN_ENUM_CONVERSION = YES;
				CLANG_WARN_INFINITE_RECURSION = YES;
				CLANG_WARN_INT_CONVERSION = YES;
				CLANG_WARN_NON_LITERAL_NULL_CONVERSION = YES;
				CLANG_WARN_OBJC_IMPLICIT_RETAIN_SELF = YES;
				CLANG_WARN_OBJC_LITERAL_CONVERSION = YES;
				CLANG_WARN_OBJC_ROOT_CLASS = YES_ERROR;
				CLANG_WARN_QUOTED_INCLUDE_IN_FRAMEWORK_HEADER = YES;
				CLANG_WARN_RANGE_LOOP_ANALYSIS = YES;
				CLANG_WARN_STRICT_PROTOTYPES = YES;
				CLANG_WARN_SUSPICIOUS_MOVE = YES;
				CLANG_WARN_UNGUARDED_AVAILABILITY = YES_AGGRESSIVE;
				CLANG_WARN_UNREACHABLE_CODE = YES;
				CLANG_WARN__DUPLICATE_METHOD_MATCH = YES;
				COPY_PHASE_STRIP = NO;
				DEBUG_INFORMATION_FORMAT = dwarf;
				ENABLE_STRICT_OBJC_MSGSEND = YES;
				ENABLE_TESTABILITY = YES;
				GCC_C_LANGUAGE_STANDARD = gnu11;
				GCC_DYNAMIC_NO_PIC = NO;
				GCC_NO_COMMON_BLOCKS = YES;
				GCC_OPTIMIZATION_LEVEL = 0;
				GCC_PREPROCESSOR_DEFINITIONS = (
					"DEBUG=1",
					"$(inherited)",
				);
				GCC_WARN_64_TO_32_BIT_CONVERSION = YES;
				GCC_WARN_ABOUT_RETURN_TYPE = YES_ERROR;
				GCC_WARN_UNDECLARED_SELECTOR = YES;
				GCC_WARN_UNINITIALIZED_AUTOS = YES_AGGRESSIVE;
				GCC_WARN_UNUSED_FUNCTION = YES;
				GCC_WARN_UNUSED_VARIABLE = YES;
				IPHONEOS_DEPLOYMENT_TARGET = 15.5;
				MTL_ENABLE_DEBUG_INFO = INCLUDE_SOURCE;
				MTL_FAST_MATH = YES;
				ONLY_ACTIVE_ARCH = YES;
				SWIFT_ACTIVE_COMPILATION_CONDITIONS = DEBUG;
				SWIFT_OPTIMIZATION_LEVEL = "-Onone";
			};
			name = Debug;
		};
		73E6DAC6291158730074C878 /* Release */ = {
			isa = XCBuildConfiguration;
			buildSettings = {
				ALWAYS_SEARCH_USER_PATHS = NO;
				CLANG_ANALYZER_NONNULL = YES;
				CLANG_ANALYZER_NUMBER_OBJECT_CONVERSION = YES_AGGRESSIVE;
				CLANG_CXX_LANGUAGE_STANDARD = "gnu++20";
				CLANG_ENABLE_MODULES = YES;
				CLANG_ENABLE_OBJC_ARC = YES;
				CLANG_ENABLE_OBJC_WEAK = YES;
				CLANG_WARN_BLOCK_CAPTURE_AUTORELEASING = YES;
				CLANG_WARN_BOOL_CONVERSION = YES;
				CLANG_WARN_COMMA = YES;
				CLANG_WARN_CONSTANT_CONVERSION = YES;
				CLANG_WARN_DEPRECATED_OBJC_IMPLEMENTATIONS = YES;
				CLANG_WARN_DIRECT_OBJC_ISA_USAGE = YES_ERROR;
				CLANG_WARN_DOCUMENTATION_COMMENTS = YES;
				CLANG_WARN_EMPTY_BODY = YES;
				CLANG_WARN_ENUM_CONVERSION = YES;
				CLANG_WARN_INFINITE_RECURSION = YES;
				CLANG_WARN_INT_CONVERSION = YES;
				CLANG_WARN_NON_LITERAL_NULL_CONVERSION = YES;
				CLANG_WARN_OBJC_IMPLICIT_RETAIN_SELF = YES;
				CLANG_WARN_OBJC_LITERAL_CONVERSION = YES;
				CLANG_WARN_OBJC_ROOT_CLASS = YES_ERROR;
				CLANG_WARN_QUOTED_INCLUDE_IN_FRAMEWORK_HEADER = YES;
				CLANG_WARN_RANGE_LOOP_ANALYSIS = YES;
				CLANG_WARN_STRICT_PROTOTYPES = YES;
				CLANG_WARN_SUSPICIOUS_MOVE = YES;
				CLANG_WARN_UNGUARDED_AVAILABILITY = YES_AGGRESSIVE;
				CLANG_WARN_UNREACHABLE_CODE = YES;
				CLANG_WARN__DUPLICATE_METHOD_MATCH = YES;
				COPY_PHASE_STRIP = NO;
				DEBUG_INFORMATION_FORMAT = "dwarf-with-dsym";
				ENABLE_NS_ASSERTIONS = NO;
				ENABLE_STRICT_OBJC_MSGSEND = YES;
				GCC_C_LANGUAGE_STANDARD = gnu11;
				GCC_NO_COMMON_BLOCKS = YES;
				GCC_WARN_64_TO_32_BIT_CONVERSION = YES;
				GCC_WARN_ABOUT_RETURN_TYPE = YES_ERROR;
				GCC_WARN_UNDECLARED_SELECTOR = YES;
				GCC_WARN_UNINITIALIZED_AUTOS = YES_AGGRESSIVE;
				GCC_WARN_UNUSED_FUNCTION = YES;
				GCC_WARN_UNUSED_VARIABLE = YES;
				IPHONEOS_DEPLOYMENT_TARGET = 15.5;
				MTL_ENABLE_DEBUG_INFO = NO;
				MTL_FAST_MATH = YES;
				SWIFT_COMPILATION_MODE = wholemodule;
				SWIFT_OPTIMIZATION_LEVEL = "-O";
			};
			name = Release;
		};
		73E6DAC8291158730074C878 /* Debug */ = {
			isa = XCBuildConfiguration;
			buildSettings = {
				ALWAYS_EMBED_SWIFT_STANDARD_LIBRARIES = YES;
				ASSETCATALOG_COMPILER_APPICON_NAME = AppIcon;
				ASSETCATALOG_COMPILER_GLOBAL_ACCENT_COLOR_NAME = AccentColor;
				CODE_SIGN_ENTITLEMENTS = LetSwift/Resources/LetSwift.entitlements;
				CODE_SIGN_STYLE = Automatic;
				CURRENT_PROJECT_VERSION = 1;
				DEVELOPMENT_ASSET_PATHS = "";
				DEVELOPMENT_TEAM = YG9DMDHAC7;
				ENABLE_HARDENED_RUNTIME = YES;
				ENABLE_ONLY_ACTIVE_RESOURCES = YES;
				ENABLE_PREVIEWS = YES;
				ENABLE_TESTING_SEARCH_PATHS = NO;
				GENERATE_INFOPLIST_FILE = YES;
				"INFOPLIST_KEY_UIApplicationSceneManifest_Generation[sdk=iphoneos*]" = YES;
				"INFOPLIST_KEY_UIApplicationSceneManifest_Generation[sdk=iphonesimulator*]" = YES;
				"INFOPLIST_KEY_UIApplicationSupportsIndirectInputEvents[sdk=iphoneos*]" = YES;
				"INFOPLIST_KEY_UIApplicationSupportsIndirectInputEvents[sdk=iphonesimulator*]" = YES;
				"INFOPLIST_KEY_UILaunchScreen_Generation[sdk=iphoneos*]" = YES;
				"INFOPLIST_KEY_UILaunchScreen_Generation[sdk=iphonesimulator*]" = YES;
				"INFOPLIST_KEY_UIStatusBarStyle[sdk=iphoneos*]" = UIStatusBarStyleDefault;
				"INFOPLIST_KEY_UIStatusBarStyle[sdk=iphonesimulator*]" = UIStatusBarStyleDefault;
				INFOPLIST_KEY_UISupportedInterfaceOrientations = "UIInterfaceOrientationLandscapeRight UIInterfaceOrientationPortrait";
				INFOPLIST_KEY_UISupportedInterfaceOrientations_iPad = "UIInterfaceOrientationLandscapeLeft UIInterfaceOrientationLandscapeRight UIInterfaceOrientationPortrait";
				IPHONEOS_DEPLOYMENT_TARGET = 15.5;
				LD_RUNPATH_SEARCH_PATHS = (
					"@executable_path/Frameworks",
					"$(inherited)",
				);
				"LD_RUNPATH_SEARCH_PATHS[sdk=macosx*]" = (
					"@executable_path/../Frameworks",
					"$(inherited)",
				);
				LIBRARY_SEARCH_PATHS = (
					"$(inherited)",
					"$(SDKROOT)/usr/lib/swift",
				);
				MARKETING_VERSION = 1.0;
				PRODUCT_BUNDLE_IDENTIFIER = com.smartapps.LetSwift;
				PRODUCT_NAME = "$(TARGET_NAME)";
				SDKROOT = iphoneos;
				SUPPORTED_PLATFORMS = "iphoneos iphonesimulator";
				SUPPORTS_MACCATALYST = NO;
				SUPPORTS_MAC_DESIGNED_FOR_IPHONE_IPAD = NO;
				SWIFT_EMIT_LOC_STRINGS = YES;
				SWIFT_VERSION = 5.0;
				TARGETED_DEVICE_FAMILY = 1;
			};
			name = Debug;
		};
		73E6DAC9291158730074C878 /* Release */ = {
			isa = XCBuildConfiguration;
			buildSettings = {
				ALWAYS_EMBED_SWIFT_STANDARD_LIBRARIES = YES;
				ASSETCATALOG_COMPILER_APPICON_NAME = AppIcon;
				ASSETCATALOG_COMPILER_GLOBAL_ACCENT_COLOR_NAME = AccentColor;
				CODE_SIGN_ENTITLEMENTS = LetSwift/Resources/LetSwift.entitlements;
				CODE_SIGN_STYLE = Automatic;
				CURRENT_PROJECT_VERSION = 1;
				DEVELOPMENT_ASSET_PATHS = "";
				DEVELOPMENT_TEAM = YG9DMDHAC7;
				ENABLE_HARDENED_RUNTIME = YES;
				ENABLE_ONLY_ACTIVE_RESOURCES = YES;
				ENABLE_PREVIEWS = YES;
				ENABLE_TESTING_SEARCH_PATHS = NO;
				GENERATE_INFOPLIST_FILE = YES;
				"INFOPLIST_KEY_UIApplicationSceneManifest_Generation[sdk=iphoneos*]" = YES;
				"INFOPLIST_KEY_UIApplicationSceneManifest_Generation[sdk=iphonesimulator*]" = YES;
				"INFOPLIST_KEY_UIApplicationSupportsIndirectInputEvents[sdk=iphoneos*]" = YES;
				"INFOPLIST_KEY_UIApplicationSupportsIndirectInputEvents[sdk=iphonesimulator*]" = YES;
				"INFOPLIST_KEY_UILaunchScreen_Generation[sdk=iphoneos*]" = YES;
				"INFOPLIST_KEY_UILaunchScreen_Generation[sdk=iphonesimulator*]" = YES;
				"INFOPLIST_KEY_UIStatusBarStyle[sdk=iphoneos*]" = UIStatusBarStyleDefault;
				"INFOPLIST_KEY_UIStatusBarStyle[sdk=iphonesimulator*]" = UIStatusBarStyleDefault;
				INFOPLIST_KEY_UISupportedInterfaceOrientations = "UIInterfaceOrientationLandscapeRight UIInterfaceOrientationPortrait";
				INFOPLIST_KEY_UISupportedInterfaceOrientations_iPad = "UIInterfaceOrientationLandscapeLeft UIInterfaceOrientationLandscapeRight UIInterfaceOrientationPortrait";
				IPHONEOS_DEPLOYMENT_TARGET = 15.5;
				LD_RUNPATH_SEARCH_PATHS = (
					"@executable_path/Frameworks",
					"$(inherited)",
				);
				"LD_RUNPATH_SEARCH_PATHS[sdk=macosx*]" = (
					"@executable_path/../Frameworks",
					"$(inherited)",
				);
				LIBRARY_SEARCH_PATHS = (
					"$(inherited)",
					"$(SDKROOT)/usr/lib/swift",
				);
				MARKETING_VERSION = 1.0;
				PRODUCT_BUNDLE_IDENTIFIER = com.smartapps.LetSwift;
				PRODUCT_NAME = "$(TARGET_NAME)";
				SDKROOT = iphoneos;
				SUPPORTED_PLATFORMS = "iphoneos iphonesimulator";
				SUPPORTS_MACCATALYST = NO;
				SUPPORTS_MAC_DESIGNED_FOR_IPHONE_IPAD = NO;
				SWIFT_EMIT_LOC_STRINGS = YES;
				SWIFT_VERSION = 5.0;
				TARGETED_DEVICE_FAMILY = 1;
			};
			name = Release;
		};
		73E6DACB291158730074C878 /* Debug */ = {
			isa = XCBuildConfiguration;
			buildSettings = {
				ALWAYS_EMBED_SWIFT_STANDARD_LIBRARIES = YES;
				BUNDLE_LOADER = "$(TEST_HOST)";
				CODE_SIGN_STYLE = Automatic;
				CURRENT_PROJECT_VERSION = 1;
				DEVELOPMENT_TEAM = YG9DMDHAC7;
				GENERATE_INFOPLIST_FILE = YES;
				IPHONEOS_DEPLOYMENT_TARGET = 15.5;
				MACOSX_DEPLOYMENT_TARGET = 12.3;
				MARKETING_VERSION = 1.0;
				PRODUCT_BUNDLE_IDENTIFIER = com.smartapps.LetSwiftTests;
				PRODUCT_NAME = "$(TARGET_NAME)";
				SDKROOT = auto;
				SUPPORTED_PLATFORMS = "iphoneos iphonesimulator macosx";
				SWIFT_EMIT_LOC_STRINGS = NO;
				SWIFT_VERSION = 5.0;
				TARGETED_DEVICE_FAMILY = "1,2";
				TEST_HOST = "$(BUILT_PRODUCTS_DIR)/LetSwift.app/$(BUNDLE_EXECUTABLE_FOLDER_PATH)/LetSwift";
			};
			name = Debug;
		};
		73E6DACC291158730074C878 /* Release */ = {
			isa = XCBuildConfiguration;
			buildSettings = {
				ALWAYS_EMBED_SWIFT_STANDARD_LIBRARIES = YES;
				BUNDLE_LOADER = "$(TEST_HOST)";
				CODE_SIGN_STYLE = Automatic;
				CURRENT_PROJECT_VERSION = 1;
				DEVELOPMENT_TEAM = YG9DMDHAC7;
				GENERATE_INFOPLIST_FILE = YES;
				IPHONEOS_DEPLOYMENT_TARGET = 15.5;
				MACOSX_DEPLOYMENT_TARGET = 12.3;
				MARKETING_VERSION = 1.0;
				PRODUCT_BUNDLE_IDENTIFIER = com.smartapps.LetSwiftTests;
				PRODUCT_NAME = "$(TARGET_NAME)";
				SDKROOT = auto;
				SUPPORTED_PLATFORMS = "iphoneos iphonesimulator macosx";
				SWIFT_EMIT_LOC_STRINGS = NO;
				SWIFT_VERSION = 5.0;
				TARGETED_DEVICE_FAMILY = "1,2";
				TEST_HOST = "$(BUILT_PRODUCTS_DIR)/LetSwift.app/$(BUNDLE_EXECUTABLE_FOLDER_PATH)/LetSwift";
			};
			name = Release;
		};
		73E6DACE291158730074C878 /* Debug */ = {
			isa = XCBuildConfiguration;
			buildSettings = {
				ALWAYS_EMBED_SWIFT_STANDARD_LIBRARIES = YES;
				CODE_SIGN_STYLE = Automatic;
				CURRENT_PROJECT_VERSION = 1;
				DEVELOPMENT_TEAM = YG9DMDHAC7;
				GENERATE_INFOPLIST_FILE = YES;
				IPHONEOS_DEPLOYMENT_TARGET = 15.5;
				MACOSX_DEPLOYMENT_TARGET = 12.3;
				MARKETING_VERSION = 1.0;
				PRODUCT_BUNDLE_IDENTIFIER = com.smartapps.LetSwiftUITests;
				PRODUCT_NAME = "$(TARGET_NAME)";
				SDKROOT = auto;
				SUPPORTED_PLATFORMS = "iphoneos iphonesimulator macosx";
				SWIFT_EMIT_LOC_STRINGS = NO;
				SWIFT_VERSION = 5.0;
				TARGETED_DEVICE_FAMILY = "1,2";
				TEST_TARGET_NAME = LetSwift;
			};
			name = Debug;
		};
		73E6DACF291158730074C878 /* Release */ = {
			isa = XCBuildConfiguration;
			buildSettings = {
				ALWAYS_EMBED_SWIFT_STANDARD_LIBRARIES = YES;
				CODE_SIGN_STYLE = Automatic;
				CURRENT_PROJECT_VERSION = 1;
				DEVELOPMENT_TEAM = YG9DMDHAC7;
				GENERATE_INFOPLIST_FILE = YES;
				IPHONEOS_DEPLOYMENT_TARGET = 15.5;
				MACOSX_DEPLOYMENT_TARGET = 12.3;
				MARKETING_VERSION = 1.0;
				PRODUCT_BUNDLE_IDENTIFIER = com.smartapps.LetSwiftUITests;
				PRODUCT_NAME = "$(TARGET_NAME)";
				SDKROOT = auto;
				SUPPORTED_PLATFORMS = "iphoneos iphonesimulator macosx";
				SWIFT_EMIT_LOC_STRINGS = NO;
				SWIFT_VERSION = 5.0;
				TARGETED_DEVICE_FAMILY = "1,2";
				TEST_TARGET_NAME = LetSwift;
			};
			name = Release;
		};
/* End XCBuildConfiguration section */

/* Begin XCConfigurationList section */
		737A20382911AC2F00C0742D /* Build configuration list for PBXNativeTarget "LetSwiftSnapshotTests" */ = {
			isa = XCConfigurationList;
			buildConfigurations = (
				737A20392911AC2F00C0742D /* Debug */,
				737A203A2911AC2F00C0742D /* Release */,
			);
			defaultConfigurationIsVisible = 0;
			defaultConfigurationName = Release;
		};
		73E6DA9D291158720074C878 /* Build configuration list for PBXProject "LetSwift" */ = {
			isa = XCConfigurationList;
			buildConfigurations = (
				73E6DAC5291158730074C878 /* Debug */,
				73E6DAC6291158730074C878 /* Release */,
			);
			defaultConfigurationIsVisible = 0;
			defaultConfigurationName = Release;
		};
		73E6DAC7291158730074C878 /* Build configuration list for PBXNativeTarget "LetSwift" */ = {
			isa = XCConfigurationList;
			buildConfigurations = (
				73E6DAC8291158730074C878 /* Debug */,
				73E6DAC9291158730074C878 /* Release */,
			);
			defaultConfigurationIsVisible = 0;
			defaultConfigurationName = Release;
		};
		73E6DACA291158730074C878 /* Build configuration list for PBXNativeTarget "LetSwiftTests" */ = {
			isa = XCConfigurationList;
			buildConfigurations = (
				73E6DACB291158730074C878 /* Debug */,
				73E6DACC291158730074C878 /* Release */,
			);
			defaultConfigurationIsVisible = 0;
			defaultConfigurationName = Release;
		};
		73E6DACD291158730074C878 /* Build configuration list for PBXNativeTarget "LetSwiftUITests" */ = {
			isa = XCConfigurationList;
			buildConfigurations = (
				73E6DACE291158730074C878 /* Debug */,
				73E6DACF291158730074C878 /* Release */,
			);
			defaultConfigurationIsVisible = 0;
			defaultConfigurationName = Release;
		};
/* End XCConfigurationList section */

/* Begin XCRemoteSwiftPackageReference section */
		737A20872911BAED00C0742D /* XCRemoteSwiftPackageReference "Resolver" */ = {
			isa = XCRemoteSwiftPackageReference;
			repositoryURL = "https://github.com/hmlongco/Resolver.git";
			requirement = {
				kind = upToNextMajorVersion;
				minimumVersion = 1.5.0;
			};
		};
/* End XCRemoteSwiftPackageReference section */

/* Begin XCSwiftPackageProductDependency section */
		737A20882911BAED00C0742D /* Resolver */ = {
			isa = XCSwiftPackageProductDependency;
			package = 737A20872911BAED00C0742D /* XCRemoteSwiftPackageReference "Resolver" */;
			productName = Resolver;
		};
/* End XCSwiftPackageProductDependency section */
	};
	rootObject = 73E6DA9A291158720074C878 /* Project object */;
}
